
Microsoft Visual Studio Solution File, Format Version 12.00
# Visual Studio Version 17
VisualStudioVersion = 17.4.33205.214
MinimumVisualStudioVersion = 10.0.40219.1
Project("{8BC9CEB8-8B4A-11D0-8D11-00A0C91BC942}") = "KeyLoger", "KeyLoger.vcxproj", "{5827928C-0D73-4019-8687-7FA80D0631AF}"
EndProject
Global
	GlobalSection(SolutionConfigurationPlatforms) = preSolution
		Debug|x64 = Debug|x64
		Debug|x86 = Debug|x86
		Release|x64 = Release|x64
		Release|x86 = Release|x86
	EndGlobalSection
	GlobalSection(ProjectConfigurationPlatforms) = postSolution
		{5827928C-0D73-4019-8687-7FA80D0631AF}.Debug|x64.ActiveCfg = Debug|x64
		{5827928C-0D73-4019-8687-7FA80D0631AF}.Debug|x64.Build.0 = Debug|x64
		{5827928C-0D73-4019-8687-7FA80D0631AF}.Debug|x86.ActiveCfg = Debug|Win32
		{5827928C-0D73-4019-8687-7FA80D0631AF}.Debug|x86.Build.0 = Debug|Win32
		{5827928C-0D73-4019-8687-7FA80D0631AF}.Release|x64.ActiveCfg = Release|x64
		{5827928C-0D73-4019-8687-7FA80D0631AF}.Release|x64.Build.0 = Release|x64
		{5827928C-0D73-4019-8687-7FA80D0631AF}.Release|x86.ActiveCfg = Release|Win32
		{5827928C-0D73-4019-8687-7FA80D0631AF}.Release|x86.Build.0 = Release|Win32
	EndGlobalSection
	GlobalSection(SolutionProperties) = preSolution
		HideSolutionNode = FALSE
	EndGlobalSection
	GlobalSection(ExtensibilityGlobals) = postSolution
		SolutionGuid = {9C28012C-268A-4A07-88AB-30580F842432}
	EndGlobalSection
EndGlobal
